# This file is automatically @generated by Cargo.
# It is not intended for manual editing.
version = 3

[[package]]
name = "ass2txt"
version = "0.1.0"
dependencies = [
 "utf16_reader",
]

[[package]]
name = "utf16_reader"
version = "0.1.0"
source = "registry+https://github.com/rust-lang/crates.io-index"
checksum = "64fa1b25084cb80e5e6cd0aa8281ff55dd1f3b969737797e97a42e6e3f7340ee"
